
Microsoft Visual Studio Solution File, Format Version 12.00
# Visual Studio 14
VisualStudioVersion = 14.0.25420.1
MinimumVisualStudioVersion = 10.0.40219.1
Project("{FAE04EC0-301F-11D3-BF4B-00C04F79EFBC}") = "BrowserTools", "BrowserTools\BrowserTools.csproj", "{1972EFA9-B074-4E89-9B98-32DA5EA66EC9}"
EndProject
Project("{FAE04EC0-301F-11D3-BF4B-00C04F79EFBC}") = "Demo", "Demo\Demo.csproj", "{EFAEA714-F31F-4F2F-971A-98D5E7D9AA1C}"
EndProject
Global
	GlobalSection(SolutionConfigurationPlatforms) = preSolution
		Debug|Any CPU = Debug|Any CPU
		Release|Any CPU = Release|Any CPU
	EndGlobalSection
	GlobalSection(ProjectConfigurationPlatforms) = postSolution
		{1972EFA9-B074-4E89-9B98-32DA5EA66EC9}.Debug|Any CPU.ActiveCfg = Debug|Any CPU
		{1972EFA9-B074-4E89-9B98-32DA5EA66EC9}.Debug|Any CPU.Build.0 = Debug|Any CPU
		{1972EFA9-B074-4E89-9B98-32DA5EA66EC9}.Release|Any CPU.ActiveCfg = Release|Any CPU
		{1972EFA9-B074-4E89-9B98-32DA5EA66EC9}.Release|Any CPU.Build.0 = Release|Any CPU
		{EFAEA714-F31F-4F2F-971A-98D5E7D9AA1C}.Debug|Any CPU.ActiveCfg = Debug|Any CPU
		{EFAEA714-F31F-4F2F-971A-98D5E7D9AA1C}.Debug|Any CPU.Build.0 = Debug|Any CPU
		{EFAEA714-F31F-4F2F-971A-98D5E7D9AA1C}.Release|Any CPU.ActiveCfg = Release|Any CPU
		{EFAEA714-F31F-4F2F-971A-98D5E7D9AA1C}.Release|Any CPU.Build.0 = Release|Any CPU
	EndGlobalSection
	GlobalSection(SolutionProperties) = preSolution
		HideSolutionNode = FALSE
	EndGlobalSection
EndGlobal
